schema: '2.0'
stages:
  data_ingestion:
    cmd: python src/data/make_dataset.py
    deps:
    - path: src/data/make_dataset.py
      hash: md5
      md5: 77fa77453326ea33510c22cd8557b2f2
      size: 3817
    outs:
    - path: data/raw
      hash: md5
      md5: f57d6646ae1abdada644640ba69d8b35.dir
      size: 1006158
      nfiles: 2
  data_preprocessing:
    cmd: python src/data/data_preprocessing.py
    deps:
    - path: data/raw
      hash: md5
      md5: f57d6646ae1abdada644640ba69d8b35.dir
      size: 1006158
      nfiles: 2
    - path: src/data/data_preprocessing.py
      hash: md5
      md5: b01e14b8b01895b7bc2ca5cad62ac9fe
      size: 4310
    outs:
    - path: data/processed
      hash: md5
      md5: 4c03aa76e4cf340a73ddf2750806a717.dir
      size: 693797
      nfiles: 2
  feature_engineering:
    cmd: python src/features/build_features.py
    deps:
    - path: data/processed
      hash: md5
      md5: 4c03aa76e4cf340a73ddf2750806a717.dir
      size: 693797
      nfiles: 2
    - path: src/features/build_features.py
      hash: md5
      md5: e6eff670fad52e485ded49c704d54758
      size: 4133
    outs:
    - path: data/features
      hash: md5
      md5: bff0f41e3ac62b4a5dba5494ccd622f9.dir
      size: 3619988
      nfiles: 2
  model_building:
    cmd: python src/models/model_building.py
    deps:
    - path: data/features
      hash: md5
      md5: bff0f41e3ac62b4a5dba5494ccd622f9.dir
      size: 3619988
      nfiles: 2
    - path: src/models/model_building.py
      hash: md5
      md5: caec0529346f8821704e7e05f85921dd
      size: 3174
    outs:
    - path: model.pkl
      hash: md5
      md5: 0f20ea946350434fda9d0dfec22713b0
      size: 20310
  model_evaluation:
    cmd: python src/models/model_evaluation.py
    deps:
    - path: model.pkl
      hash: md5
      md5: 0f20ea946350434fda9d0dfec22713b0
      size: 20310
    - path: src/models/model_evaluation.py
      hash: md5
      md5: f5b1ca0b17a47f6120dfe1d408144170
      size: 3386
    outs:
    - path: reports/metrics.json
      hash: md5
      md5: e8a1555d063795db1e5d553bd2dc39ae
      size: 144
